
Microsoft Visual Studio Solution File, Format Version 12.00
# Visual Studio Version 17
VisualStudioVersion = 17.9.34723.18
MinimumVisualStudioVersion = 10.0.40219.1
Project("{FAE04EC0-301F-11D3-BF4B-00C04F79EFBC}") = "InternshipBackend", "InternshipBackend\InternshipBackend.csproj", "{81C9F07F-44AF-4D55-8A6D-B2F86391029C}"
EndProject
Global
	GlobalSection(SolutionConfigurationPlatforms) = preSolution
		Debug|Any CPU = Debug|Any CPU
		Release|Any CPU = Release|Any CPU
	EndGlobalSection
	GlobalSection(ProjectConfigurationPlatforms) = postSolution
		{81C9F07F-44AF-4D55-8A6D-B2F86391029C}.Debug|Any CPU.ActiveCfg = Debug|Any CPU
		{81C9F07F-44AF-4D55-8A6D-B2F86391029C}.Debug|Any CPU.Build.0 = Debug|Any CPU
		{81C9F07F-44AF-4D55-8A6D-B2F86391029C}.Release|Any CPU.ActiveCfg = Release|Any CPU
		{81C9F07F-44AF-4D55-8A6D-B2F86391029C}.Release|Any CPU.Build.0 = Release|Any CPU
	EndGlobalSection
	GlobalSection(SolutionProperties) = preSolution
		HideSolutionNode = FALSE
	EndGlobalSection
	GlobalSection(ExtensibilityGlobals) = postSolution
		SolutionGuid = {0BDB8D20-FF7D-48B4-85FF-301EBC009EDA}
	EndGlobalSection
EndGlobal
